PODS:
  - Mixpanel-swift (3.3.0):
    - Mixpanel-swift/Complete (= 3.3.0)
  - Mixpanel-swift/Complete (3.3.0)

DEPENDENCIES:
  - Mixpanel-swift (~> 3.3.0)

SPEC REPOS:
  trunk:
    - Mixpanel-swift

SPEC CHECKSUMS:
  Mixpanel-swift: 6ffe368bcfc3b538f540f31372bc798afd90c1ad

PODFILE CHECKSUM: d0e787562cc5a71a24b73c62368ecda6395ced00

COCOAPODS: 1.11.3
