PODS:
  - Mixpanel-swift (4.2.7):
    - Mixpanel-swift/Complete (= 4.2.7)
  - Mixpanel-swift/Complete (4.2.7)

DEPENDENCIES:
  - Mixpanel-swift (= 4.2.7)

SPEC REPOS:
  trunk:
    - Mixpanel-swift

SPEC CHECKSUMS:
  Mixpanel-swift: 7f5b749dbda2708033d67ff3d7a91710468d4a38

PODFILE CHECKSUM: c082467c2f943cddfda8cdb07e5ed5e4b3f39ef6

COCOAPODS: 1.15.2
