// !$*UTF8*$!
{
	archiveVersion = 1;
	classes = {
	};
	objectVersion = 51;
	objects = {

/* Begin PBXBuildFile section */
		1C4EBC1A68B2FE2158546F54 /* Pods_WebViewTester.framework in Frameworks */ = {isa = PBXBuildFile; fileRef = 14D43D9D7D59F256BBA52384 /* Pods_WebViewTester.framework */; };
		361995C7241665300054D5CF /* UIViewController+Ext.swift in Sources */ = {isa = PBXBuildFile; fileRef = 361995C6241665300054D5CF /* UIViewController+Ext.swift */; };
		3658975923842F300083F299 /* NewsViewController.swift in Sources */ = {isa = PBXBuildFile; fileRef = 3658975823842F300083F299 /* NewsViewController.swift */; };
		3658975E23842F580083F299 /* NewsTableViewCell.swift in Sources */ = {isa = PBXBuildFile; fileRef = 3658975C23842F580083F299 /* NewsTableViewCell.swift */; };
		3658975F23842F580083F299 /* NewsTableViewCell.xib in Resources */ = {isa = PBXBuildFile; fileRef = 3658975D23842F580083F299 /* NewsTableViewCell.xib */; };
		365897612384317B0083F299 /* News.swift in Sources */ = {isa = PBXBuildFile; fileRef = 365897602384317B0083F299 /* News.swift */; };
		36589763238433C90083F299 /* UIImageVIew+Ext.swift in Sources */ = {isa = PBXBuildFile; fileRef = 36589762238433C90083F299 /* UIImageVIew+Ext.swift */; };
		3658977123855F210083F299 /* HistoricalViewController.swift in Sources */ = {isa = PBXBuildFile; fileRef = 3658977023855F210083F299 /* HistoricalViewController.swift */; };
		366C262C2464892300C638B1 /* GetHoldingsResponse.swift in Sources */ = {isa = PBXBuildFile; fileRef = 366C26242464892200C638B1 /* GetHoldingsResponse.swift */; };
		366C262D2464892300C638B1 /* PublicSmallcaseCell.xib in Resources */ = {isa = PBXBuildFile; fileRef = 366C26252464892200C638B1 /* PublicSmallcaseCell.xib */; };
		366C262E2464892300C638B1 /* PublicSmallcaseCell.swift in Sources */ = {isa = PBXBuildFile; fileRef = 366C26262464892200C638B1 /* PublicSmallcaseCell.swift */; };
		366C262F2464892300C638B1 /* StocksCell.swift in Sources */ = {isa = PBXBuildFile; fileRef = 366C26272464892200C638B1 /* StocksCell.swift */; };
		366C26302464892300C638B1 /* HoldingsViewController.swift in Sources */ = {isa = PBXBuildFile; fileRef = 366C26282464892200C638B1 /* HoldingsViewController.swift */; };
		366C26312464892300C638B1 /* PrivateSmallcaseCell.xib in Resources */ = {isa = PBXBuildFile; fileRef = 366C26292464892300C638B1 /* PrivateSmallcaseCell.xib */; };
		366C26322464892300C638B1 /* PrivateSmallcaseCell.swift in Sources */ = {isa = PBXBuildFile; fileRef = 366C262A2464892300C638B1 /* PrivateSmallcaseCell.swift */; };
		366C26332464892300C638B1 /* StocksCell.xib in Resources */ = {isa = PBXBuildFile; fileRef = 366C262B2464892300C638B1 /* StocksCell.xib */; };
		3692146E237FEC5F0087DF04 /* Transaction.swift in Sources */ = {isa = PBXBuildFile; fileRef = 3692146D237FEC5F0087DF04 /* Transaction.swift */; };
		36997E142386B4E8002597BF /* NetworkManager.swift in Sources */ = {isa = PBXBuildFile; fileRef = 36997E132386B4E8002597BF /* NetworkManager.swift */; };
		36997E162386B55B002597BF /* AuthTokenResponse.swift in Sources */ = {isa = PBXBuildFile; fileRef = 36997E152386B55B002597BF /* AuthTokenResponse.swift */; };
		36AEFD9E237EB93300E45E63 /* CreateTransactionBody.swift in Sources */ = {isa = PBXBuildFile; fileRef = 36AEFD9D237EB93300E45E63 /* CreateTransactionBody.swift */; };
		36AEFDA0237EB99F00E45E63 /* CreateTransactionResponse.swift in Sources */ = {isa = PBXBuildFile; fileRef = 36AEFD9F237EB99F00E45E63 /* CreateTransactionResponse.swift */; };
		36AEFDA4237EC2CA00E45E63 /* SmallcaseListViewController.swift in Sources */ = {isa = PBXBuildFile; fileRef = 36AEFDA3237EC2CA00E45E63 /* SmallcaseListViewController.swift */; };
		36AEFDA7237EC33E00E45E63 /* SmallcaseTableViewCell.swift in Sources */ = {isa = PBXBuildFile; fileRef = 36AEFDA5237EC33E00E45E63 /* SmallcaseTableViewCell.swift */; };
		36AEFDA8237EC33E00E45E63 /* SmallcaseTableViewCell.xib in Resources */ = {isa = PBXBuildFile; fileRef = 36AEFDA6237EC33E00E45E63 /* SmallcaseTableViewCell.xib */; };
		36AEFDAA237EC8D200E45E63 /* SmallcaseResponse.swift in Sources */ = {isa = PBXBuildFile; fileRef = 36AEFDA9237EC8D200E45E63 /* SmallcaseResponse.swift */; };
		36AEFDAD237EEFAA00E45E63 /* SmallcaseProfileViewController.swift in Sources */ = {isa = PBXBuildFile; fileRef = 36AEFDAC237EEFAA00E45E63 /* SmallcaseProfileViewController.swift */; };
		36AEFDB0237EF69200E45E63 /* SmallcaseConstituentsTVCell.swift in Sources */ = {isa = PBXBuildFile; fileRef = 36AEFDAE237EF69200E45E63 /* SmallcaseConstituentsTVCell.swift */; };
		36AEFDB1237EF69200E45E63 /* SmallcaseConstituentsTVCell.xib in Resources */ = {isa = PBXBuildFile; fileRef = 36AEFDAF237EF69200E45E63 /* SmallcaseConstituentsTVCell.xib */; };
		36AEFDB3237F044D00E45E63 /* ConstiuentsHeaderView.xib in Resources */ = {isa = PBXBuildFile; fileRef = 36AEFDB2237F044D00E45E63 /* ConstiuentsHeaderView.xib */; };
		36AEFDB5237F053D00E45E63 /* ConstiuentsHeaderVIew.swift in Sources */ = {isa = PBXBuildFile; fileRef = 36AEFDB4237F053D00E45E63 /* ConstiuentsHeaderVIew.swift */; };
		36B34BB622B137B5001FD051 /* LoginViewController.swift in Sources */ = {isa = PBXBuildFile; fileRef = 36B34BB522B137B5001FD051 /* LoginViewController.swift */; };
		36B34BBB22B253BE001FD051 /* Constants.swift in Sources */ = {isa = PBXBuildFile; fileRef = 36B34BBA22B253BE001FD051 /* Constants.swift */; };
		36BBD4D424E19FC30020C9EA /* LeadGenViewController.swift in Sources */ = {isa = PBXBuildFile; fileRef = 36BBD4D324E19FC30020C9EA /* LeadGenViewController.swift */; };
		36DC3F202380A2BA0058DE04 /* SmallcaseListHeaderView.swift in Sources */ = {isa = PBXBuildFile; fileRef = 36DC3F1F2380A2BA0058DE04 /* SmallcaseListHeaderView.swift */; };
		36DC3F242380A7F20058DE04 /* InvestmentsListViewController.swift in Sources */ = {isa = PBXBuildFile; fileRef = 36DC3F232380A7F20058DE04 /* InvestmentsListViewController.swift */; };
		36DC3F292382A5900058DE04 /* Smallcase.swift in Sources */ = {isa = PBXBuildFile; fileRef = 36DC3F282382A5900058DE04 /* Smallcase.swift */; };
		36DC3F2B2382A5AA0058DE04 /* Constituent.swift in Sources */ = {isa = PBXBuildFile; fileRef = 36DC3F2A2382A5AA0058DE04 /* Constituent.swift */; };
		36DC3F2F2382A74E0058DE04 /* Investment.swift in Sources */ = {isa = PBXBuildFile; fileRef = 36DC3F2E2382A74E0058DE04 /* Investment.swift */; };
		36DC3F312382A7900058DE04 /* InvestmentReturns.swift in Sources */ = {isa = PBXBuildFile; fileRef = 36DC3F302382A7900058DE04 /* InvestmentReturns.swift */; };
		36DC3F332382A7A80058DE04 /* InvestedActions.swift in Sources */ = {isa = PBXBuildFile; fileRef = 36DC3F322382A7A80058DE04 /* InvestedActions.swift */; };
		36DC3F352382A7EA0058DE04 /* AllInvestmentsResponse.swift in Sources */ = {isa = PBXBuildFile; fileRef = 36DC3F342382A7EA0058DE04 /* AllInvestmentsResponse.swift */; };
		36DC3F3F2382C4F60058DE04 /* ExitedSmallcaseResponse.swift in Sources */ = {isa = PBXBuildFile; fileRef = 36DC3F3E2382C4F60058DE04 /* ExitedSmallcaseResponse.swift */; };
		36DC3F432382E3B60058DE04 /* LoadingOverlay.swift in Sources */ = {isa = PBXBuildFile; fileRef = 36DC3F422382E3B60058DE04 /* LoadingOverlay.swift */; };
		36DC3F462383F7290058DE04 /* InvestmentDetailsViewController.swift in Sources */ = {isa = PBXBuildFile; fileRef = 36DC3F452383F7290058DE04 /* InvestmentDetailsViewController.swift */; };
		36F7D44522A9485A003B357A /* AppDelegate.swift in Sources */ = {isa = PBXBuildFile; fileRef = 36F7D44422A9485A003B357A /* AppDelegate.swift */; };
		36F7D44722A9485A003B357A /* ViewController.swift in Sources */ = {isa = PBXBuildFile; fileRef = 36F7D44622A9485A003B357A /* ViewController.swift */; };
		36F7D44A22A9485A003B357A /* Main.storyboard in Resources */ = {isa = PBXBuildFile; fileRef = 36F7D44822A9485A003B357A /* Main.storyboard */; };
		36F7D44C22A9485C003B357A /* Assets.xcassets in Resources */ = {isa = PBXBuildFile; fileRef = 36F7D44B22A9485C003B357A /* Assets.xcassets */; };
		36F7D44F22A9485C003B357A /* LaunchScreen.storyboard in Resources */ = {isa = PBXBuildFile; fileRef = 36F7D44D22A9485C003B357A /* LaunchScreen.storyboard */; };
		36F7D45A22A9485C003B357A /* WebViewTesterTests.swift in Sources */ = {isa = PBXBuildFile; fileRef = 36F7D45922A9485C003B357A /* WebViewTesterTests.swift */; };
		36F7D46522A9485D003B357A /* WebViewTesterUITests.swift in Sources */ = {isa = PBXBuildFile; fileRef = 36F7D46422A9485D003B357A /* WebViewTesterUITests.swift */; };
		36F7D47322A94CE9003B357A /* WebViewController.swift in Sources */ = {isa = PBXBuildFile; fileRef = 36F7D47222A94CE9003B357A /* WebViewController.swift */; };
		36F7D4A522B0D462003B357A /* CreateTableViewCell.swift in Sources */ = {isa = PBXBuildFile; fileRef = 36F7D4A322B0D462003B357A /* CreateTableViewCell.swift */; };
		36F7D4A622B0D462003B357A /* CreateTableViewCell.xib in Resources */ = {isa = PBXBuildFile; fileRef = 36F7D4A422B0D462003B357A /* CreateTableViewCell.xib */; };
		36F7D4AA22B0D723003B357A /* CreateViewController.swift in Sources */ = {isa = PBXBuildFile; fileRef = 36F7D4A922B0D723003B357A /* CreateViewController.swift */; };
		36F7D4AD22B0E936003B357A /* Stock.swift in Sources */ = {isa = PBXBuildFile; fileRef = 36F7D4AC22B0E936003B357A /* Stock.swift */; };
		36F7D4B322B0EA25003B357A /* QueryService.swift in Sources */ = {isa = PBXBuildFile; fileRef = 36F7D4B222B0EA25003B357A /* QueryService.swift */; };
		36F7D4B822B10397003B357A /* SearchCell.swift in Sources */ = {isa = PBXBuildFile; fileRef = 36F7D4B622B10397003B357A /* SearchCell.swift */; };
		36F7D4B922B10397003B357A /* SearchCell.xib in Resources */ = {isa = PBXBuildFile; fileRef = 36F7D4B722B10397003B357A /* SearchCell.xib */; };
		36F7D4BC22B106EF003B357A /* CreateViewController+SearchDelegate.swift in Sources */ = {isa = PBXBuildFile; fileRef = 36F7D4BB22B106EF003B357A /* CreateViewController+SearchDelegate.swift */; };
		4022BCAF0EC40239C690DA1B /* Pods_WebViewTesterUITests.framework in Frameworks */ = {isa = PBXBuildFile; fileRef = E37E7F324005BDD6D950FC4E /* Pods_WebViewTesterUITests.framework */; };
		88438974266020230042AFFE /* SCGateway.framework in Frameworks */ = {isa = PBXBuildFile; fileRef = 88438972266020120042AFFE /* SCGateway.framework */; };
		88438975266020230042AFFE /* SCGateway.framework in Embed Frameworks */ = {isa = PBXBuildFile; fileRef = 88438972266020120042AFFE /* SCGateway.framework */; settings = {ATTRIBUTES = (CodeSignOnCopy, RemoveHeadersOnCopy, ); }; };
		B913F2E891FEC8538CA42C63 /* Pods_WebViewTesterTests.framework in Frameworks */ = {isa = PBXBuildFile; fileRef = CBBD09801E4B2F2CD2B42165 /* Pods_WebViewTesterTests.framework */; };
/* End PBXBuildFile section */

/* Begin PBXContainerItemProxy section */
		36F7D45622A9485C003B357A /* PBXContainerItemProxy */ = {
			isa = PBXContainerItemProxy;
			containerPortal = 36F7D43922A9485A003B357A /* Project object */;
			proxyType = 1;
			remoteGlobalIDString = 36F7D44022A9485A003B357A;
			remoteInfo = WebViewTester;
		};
		36F7D46122A9485C003B357A /* PBXContainerItemProxy */ = {
			isa = PBXContainerItemProxy;
			containerPortal = 36F7D43922A9485A003B357A /* Project object */;
			proxyType = 1;
			remoteGlobalIDString = 36F7D44022A9485A003B357A;
			remoteInfo = WebViewTester;
		};
/* End PBXContainerItemProxy section */

/* Begin PBXCopyFilesBuildPhase section */
		18AF7094252F6C790038FBD0 /* Embed Frameworks */ = {
			isa = PBXCopyFilesBuildPhase;
			buildActionMask = 2147483647;
			dstPath = "";
			dstSubfolderSpec = 10;
			files = (
				88438975266020230042AFFE /* SCGateway.framework in Embed Frameworks */,
			);
			name = "Embed Frameworks";
			runOnlyForDeploymentPostprocessing = 0;
		};
/* End PBXCopyFilesBuildPhase section */

/* Begin PBXFileReference section */
		0D39E506F3303C49D995DA04 /* Pods-WebViewTesterTests.debug.xcconfig */ = {isa = PBXFileReference; includeInIndex = 1; lastKnownFileType = text.xcconfig; name = "Pods-WebViewTesterTests.debug.xcconfig"; path = "Target Support Files/Pods-WebViewTesterTests/Pods-WebViewTesterTests.debug.xcconfig"; sourceTree = "<group>"; };
		14D43D9D7D59F256BBA52384 /* Pods_WebViewTester.framework */ = {isa = PBXFileReference; explicitFileType = wrapper.framework; includeInIndex = 0; path = Pods_WebViewTester.framework; sourceTree = BUILT_PRODUCTS_DIR; };
		224A8A9587172BD96A0882B3 /* Pods-WebViewTesterUITests.debug.xcconfig */ = {isa = PBXFileReference; includeInIndex = 1; lastKnownFileType = text.xcconfig; name = "Pods-WebViewTesterUITests.debug.xcconfig"; path = "Target Support Files/Pods-WebViewTesterUITests/Pods-WebViewTesterUITests.debug.xcconfig"; sourceTree = "<group>"; };
		361995C6241665300054D5CF /* UIViewController+Ext.swift */ = {isa = PBXFileReference; lastKnownFileType = sourcecode.swift; path = "UIViewController+Ext.swift"; sourceTree = "<group>"; };
		364596992436462300C4B617 /* SCGateway.framework */ = {isa = PBXFileReference; explicitFileType = wrapper.framework; path = SCGateway.framework; sourceTree = BUILT_PRODUCTS_DIR; };
		3645969C24364FB000C4B617 /* libSCGateway.a */ = {isa = PBXFileReference; explicitFileType = archive.ar; path = libSCGateway.a; sourceTree = BUILT_PRODUCTS_DIR; };
		3645969E2436906B00C4B617 /* SCGateway.framework */ = {isa = PBXFileReference; explicitFileType = wrapper.framework; path = SCGateway.framework; sourceTree = BUILT_PRODUCTS_DIR; };
		3658975823842F300083F299 /* NewsViewController.swift */ = {isa = PBXFileReference; lastKnownFileType = sourcecode.swift; name = NewsViewController.swift; path = "../New Group/NewsViewController.swift"; sourceTree = "<group>"; };
		3658975C23842F580083F299 /* NewsTableViewCell.swift */ = {isa = PBXFileReference; lastKnownFileType = sourcecode.swift; path = NewsTableViewCell.swift; sourceTree = "<group>"; };
		3658975D23842F580083F299 /* NewsTableViewCell.xib */ = {isa = PBXFileReference; lastKnownFileType = file.xib; path = NewsTableViewCell.xib; sourceTree = "<group>"; };
		365897602384317B0083F299 /* News.swift */ = {isa = PBXFileReference; lastKnownFileType = sourcecode.swift; path = News.swift; sourceTree = "<group>"; };
		36589762238433C90083F299 /* UIImageVIew+Ext.swift */ = {isa = PBXFileReference; lastKnownFileType = sourcecode.swift; path = "UIImageVIew+Ext.swift"; sourceTree = "<group>"; };
		3658977023855F210083F299 /* HistoricalViewController.swift */ = {isa = PBXFileReference; lastKnownFileType = sourcecode.swift; path = HistoricalViewController.swift; sourceTree = "<group>"; };
		366C26242464892200C638B1 /* GetHoldingsResponse.swift */ = {isa = PBXFileReference; fileEncoding = 4; lastKnownFileType = sourcecode.swift; path = GetHoldingsResponse.swift; sourceTree = "<group>"; };
		366C26252464892200C638B1 /* PublicSmallcaseCell.xib */ = {isa = PBXFileReference; fileEncoding = 4; lastKnownFileType = file.xib; path = PublicSmallcaseCell.xib; sourceTree = "<group>"; };
		366C26262464892200C638B1 /* PublicSmallcaseCell.swift */ = {isa = PBXFileReference; fileEncoding = 4; lastKnownFileType = sourcecode.swift; path = PublicSmallcaseCell.swift; sourceTree = "<group>"; };
		366C26272464892200C638B1 /* StocksCell.swift */ = {isa = PBXFileReference; fileEncoding = 4; lastKnownFileType = sourcecode.swift; path = StocksCell.swift; sourceTree = "<group>"; };
		366C26282464892200C638B1 /* HoldingsViewController.swift */ = {isa = PBXFileReference; fileEncoding = 4; lastKnownFileType = sourcecode.swift; path = HoldingsViewController.swift; sourceTree = "<group>"; };
		366C26292464892300C638B1 /* PrivateSmallcaseCell.xib */ = {isa = PBXFileReference; fileEncoding = 4; lastKnownFileType = file.xib; path = PrivateSmallcaseCell.xib; sourceTree = "<group>"; };
		366C262A2464892300C638B1 /* PrivateSmallcaseCell.swift */ = {isa = PBXFileReference; fileEncoding = 4; lastKnownFileType = sourcecode.swift; path = PrivateSmallcaseCell.swift; sourceTree = "<group>"; };
		366C262B2464892300C638B1 /* StocksCell.xib */ = {isa = PBXFileReference; fileEncoding = 4; lastKnownFileType = file.xib; path = StocksCell.xib; sourceTree = "<group>"; };
		3692146D237FEC5F0087DF04 /* Transaction.swift */ = {isa = PBXFileReference; lastKnownFileType = sourcecode.swift; path = Transaction.swift; sourceTree = "<group>"; };
		36997E132386B4E8002597BF /* NetworkManager.swift */ = {isa = PBXFileReference; lastKnownFileType = sourcecode.swift; path = NetworkManager.swift; sourceTree = "<group>"; };
		36997E152386B55B002597BF /* AuthTokenResponse.swift */ = {isa = PBXFileReference; lastKnownFileType = sourcecode.swift; path = AuthTokenResponse.swift; sourceTree = "<group>"; };
		36AEFD9D237EB93300E45E63 /* CreateTransactionBody.swift */ = {isa = PBXFileReference; lastKnownFileType = sourcecode.swift; path = CreateTransactionBody.swift; sourceTree = "<group>"; };
		36AEFD9F237EB99F00E45E63 /* CreateTransactionResponse.swift */ = {isa = PBXFileReference; lastKnownFileType = sourcecode.swift; path = CreateTransactionResponse.swift; sourceTree = "<group>"; };
		36AEFDA3237EC2CA00E45E63 /* SmallcaseListViewController.swift */ = {isa = PBXFileReference; lastKnownFileType = sourcecode.swift; path = SmallcaseListViewController.swift; sourceTree = "<group>"; };
		36AEFDA5237EC33E00E45E63 /* SmallcaseTableViewCell.swift */ = {isa = PBXFileReference; lastKnownFileType = sourcecode.swift; path = SmallcaseTableViewCell.swift; sourceTree = "<group>"; };
		36AEFDA6237EC33E00E45E63 /* SmallcaseTableViewCell.xib */ = {isa = PBXFileReference; lastKnownFileType = file.xib; path = SmallcaseTableViewCell.xib; sourceTree = "<group>"; };
		36AEFDA9237EC8D200E45E63 /* SmallcaseResponse.swift */ = {isa = PBXFileReference; lastKnownFileType = sourcecode.swift; path = SmallcaseResponse.swift; sourceTree = "<group>"; };
		36AEFDAC237EEFAA00E45E63 /* SmallcaseProfileViewController.swift */ = {isa = PBXFileReference; lastKnownFileType = sourcecode.swift; path = SmallcaseProfileViewController.swift; sourceTree = "<group>"; };
		36AEFDAE237EF69200E45E63 /* SmallcaseConstituentsTVCell.swift */ = {isa = PBXFileReference; lastKnownFileType = sourcecode.swift; path = SmallcaseConstituentsTVCell.swift; sourceTree = "<group>"; };
		36AEFDAF237EF69200E45E63 /* SmallcaseConstituentsTVCell.xib */ = {isa = PBXFileReference; lastKnownFileType = file.xib; path = SmallcaseConstituentsTVCell.xib; sourceTree = "<group>"; };
		36AEFDB2237F044D00E45E63 /* ConstiuentsHeaderView.xib */ = {isa = PBXFileReference; lastKnownFileType = file.xib; path = ConstiuentsHeaderView.xib; sourceTree = "<group>"; };
		36AEFDB4237F053D00E45E63 /* ConstiuentsHeaderVIew.swift */ = {isa = PBXFileReference; lastKnownFileType = sourcecode.swift; path = ConstiuentsHeaderVIew.swift; sourceTree = "<group>"; };
		36B34BB522B137B5001FD051 /* LoginViewController.swift */ = {isa = PBXFileReference; lastKnownFileType = sourcecode.swift; path = LoginViewController.swift; sourceTree = "<group>"; };
		36B34BBA22B253BE001FD051 /* Constants.swift */ = {isa = PBXFileReference; lastKnownFileType = sourcecode.swift; path = Constants.swift; sourceTree = "<group>"; };
		36BBD4D324E19FC30020C9EA /* LeadGenViewController.swift */ = {isa = PBXFileReference; lastKnownFileType = sourcecode.swift; path = LeadGenViewController.swift; sourceTree = "<group>"; };
		36DC3F1F2380A2BA0058DE04 /* SmallcaseListHeaderView.swift */ = {isa = PBXFileReference; lastKnownFileType = sourcecode.swift; path = SmallcaseListHeaderView.swift; sourceTree = "<group>"; };
		36DC3F232380A7F20058DE04 /* InvestmentsListViewController.swift */ = {isa = PBXFileReference; lastKnownFileType = sourcecode.swift; path = InvestmentsListViewController.swift; sourceTree = "<group>"; };
		36DC3F282382A5900058DE04 /* Smallcase.swift */ = {isa = PBXFileReference; lastKnownFileType = sourcecode.swift; path = Smallcase.swift; sourceTree = "<group>"; };
		36DC3F2A2382A5AA0058DE04 /* Constituent.swift */ = {isa = PBXFileReference; lastKnownFileType = sourcecode.swift; path = Constituent.swift; sourceTree = "<group>"; };
		36DC3F2E2382A74E0058DE04 /* Investment.swift */ = {isa = PBXFileReference; lastKnownFileType = sourcecode.swift; path = Investment.swift; sourceTree = "<group>"; };
		36DC3F302382A7900058DE04 /* InvestmentReturns.swift */ = {isa = PBXFileReference; lastKnownFileType = sourcecode.swift; path = InvestmentReturns.swift; sourceTree = "<group>"; };
		36DC3F322382A7A80058DE04 /* InvestedActions.swift */ = {isa = PBXFileReference; lastKnownFileType = sourcecode.swift; path = InvestedActions.swift; sourceTree = "<group>"; };
		36DC3F342382A7EA0058DE04 /* AllInvestmentsResponse.swift */ = {isa = PBXFileReference; lastKnownFileType = sourcecode.swift; path = AllInvestmentsResponse.swift; sourceTree = "<group>"; };
		36DC3F3E2382C4F60058DE04 /* ExitedSmallcaseResponse.swift */ = {isa = PBXFileReference; lastKnownFileType = sourcecode.swift; path = ExitedSmallcaseResponse.swift; sourceTree = "<group>"; };
		36DC3F422382E3B60058DE04 /* LoadingOverlay.swift */ = {isa = PBXFileReference; lastKnownFileType = sourcecode.swift; path = LoadingOverlay.swift; sourceTree = "<group>"; };
		36DC3F452383F7290058DE04 /* InvestmentDetailsViewController.swift */ = {isa = PBXFileReference; lastKnownFileType = sourcecode.swift; path = InvestmentDetailsViewController.swift; sourceTree = "<group>"; };
		36F7D44122A9485A003B357A /* Smart Investing.app */ = {isa = PBXFileReference; explicitFileType = wrapper.application; includeInIndex = 0; path = "Smart Investing.app"; sourceTree = BUILT_PRODUCTS_DIR; };
		36F7D44422A9485A003B357A /* AppDelegate.swift */ = {isa = PBXFileReference; lastKnownFileType = sourcecode.swift; path = AppDelegate.swift; sourceTree = "<group>"; };
		36F7D44622A9485A003B357A /* ViewController.swift */ = {isa = PBXFileReference; lastKnownFileType = sourcecode.swift; path = ViewController.swift; sourceTree = "<group>"; };
		36F7D44922A9485A003B357A /* Base */ = {isa = PBXFileReference; lastKnownFileType = file.storyboard; name = Base; path = Base.lproj/Main.storyboard; sourceTree = "<group>"; };
		36F7D44B22A9485C003B357A /* Assets.xcassets */ = {isa = PBXFileReference; lastKnownFileType = folder.assetcatalog; path = Assets.xcassets; sourceTree = "<group>"; };
		36F7D44E22A9485C003B357A /* Base */ = {isa = PBXFileReference; lastKnownFileType = file.storyboard; name = Base; path = Base.lproj/LaunchScreen.storyboard; sourceTree = "<group>"; };
		36F7D45022A9485C003B357A /* Info.plist */ = {isa = PBXFileReference; lastKnownFileType = text.plist.xml; path = Info.plist; sourceTree = "<group>"; };
		36F7D45522A9485C003B357A /* WebViewTesterTests.xctest */ = {isa = PBXFileReference; explicitFileType = wrapper.cfbundle; includeInIndex = 0; path = WebViewTesterTests.xctest; sourceTree = BUILT_PRODUCTS_DIR; };
		36F7D45922A9485C003B357A /* WebViewTesterTests.swift */ = {isa = PBXFileReference; lastKnownFileType = sourcecode.swift; path = WebViewTesterTests.swift; sourceTree = "<group>"; };
		36F7D45B22A9485C003B357A /* Info.plist */ = {isa = PBXFileReference; lastKnownFileType = text.plist.xml; path = Info.plist; sourceTree = "<group>"; };
		36F7D46022A9485C003B357A /* WebViewTesterUITests.xctest */ = {isa = PBXFileReference; explicitFileType = wrapper.cfbundle; includeInIndex = 0; path = WebViewTesterUITests.xctest; sourceTree = BUILT_PRODUCTS_DIR; };
		36F7D46422A9485D003B357A /* WebViewTesterUITests.swift */ = {isa = PBXFileReference; lastKnownFileType = sourcecode.swift; path = WebViewTesterUITests.swift; sourceTree = "<group>"; };
		36F7D46622A9485D003B357A /* Info.plist */ = {isa = PBXFileReference; lastKnownFileType = text.plist.xml; path = Info.plist; sourceTree = "<group>"; };
		36F7D47222A94CE9003B357A /* WebViewController.swift */ = {isa = PBXFileReference; lastKnownFileType = sourcecode.swift; path = WebViewController.swift; sourceTree = "<group>"; };
		36F7D4A322B0D462003B357A /* CreateTableViewCell.swift */ = {isa = PBXFileReference; lastKnownFileType = sourcecode.swift; path = CreateTableViewCell.swift; sourceTree = "<group>"; };
		36F7D4A422B0D462003B357A /* CreateTableViewCell.xib */ = {isa = PBXFileReference; lastKnownFileType = file.xib; path = CreateTableViewCell.xib; sourceTree = "<group>"; };
		36F7D4A922B0D723003B357A /* CreateViewController.swift */ = {isa = PBXFileReference; lastKnownFileType = sourcecode.swift; path = CreateViewController.swift; sourceTree = "<group>"; };
		36F7D4AC22B0E936003B357A /* Stock.swift */ = {isa = PBXFileReference; lastKnownFileType = sourcecode.swift; path = Stock.swift; sourceTree = "<group>"; };
		36F7D4B222B0EA25003B357A /* QueryService.swift */ = {isa = PBXFileReference; lastKnownFileType = sourcecode.swift; path = QueryService.swift; sourceTree = "<group>"; };
		36F7D4B622B10397003B357A /* SearchCell.swift */ = {isa = PBXFileReference; lastKnownFileType = sourcecode.swift; path = SearchCell.swift; sourceTree = "<group>"; };
		36F7D4B722B10397003B357A /* SearchCell.xib */ = {isa = PBXFileReference; lastKnownFileType = file.xib; path = SearchCell.xib; sourceTree = "<group>"; };
		36F7D4BB22B106EF003B357A /* CreateViewController+SearchDelegate.swift */ = {isa = PBXFileReference; lastKnownFileType = sourcecode.swift; path = "CreateViewController+SearchDelegate.swift"; sourceTree = "<group>"; };
		3722F156C9C90D161DF4062C /* Pods-WebViewTesterUITests.release.xcconfig */ = {isa = PBXFileReference; includeInIndex = 1; lastKnownFileType = text.xcconfig; name = "Pods-WebViewTesterUITests.release.xcconfig"; path = "Target Support Files/Pods-WebViewTesterUITests/Pods-WebViewTesterUITests.release.xcconfig"; sourceTree = "<group>"; };
		58796B1B39C8C37880550A04 /* Pods-WebViewTester.debug.xcconfig */ = {isa = PBXFileReference; includeInIndex = 1; lastKnownFileType = text.xcconfig; name = "Pods-WebViewTester.debug.xcconfig"; path = "Target Support Files/Pods-WebViewTester/Pods-WebViewTester.debug.xcconfig"; sourceTree = "<group>"; };
		6CEEA5361ECFF807D24F2B30 /* Pods-WebViewTesterTests.release.xcconfig */ = {isa = PBXFileReference; includeInIndex = 1; lastKnownFileType = text.xcconfig; name = "Pods-WebViewTesterTests.release.xcconfig"; path = "Target Support Files/Pods-WebViewTesterTests/Pods-WebViewTesterTests.release.xcconfig"; sourceTree = "<group>"; };
		88438972266020120042AFFE /* SCGateway.framework */ = {isa = PBXFileReference; lastKnownFileType = wrapper.framework; path = SCGateway.framework; sourceTree = "<group>"; };
		CBBD09801E4B2F2CD2B42165 /* Pods_WebViewTesterTests.framework */ = {isa = PBXFileReference; explicitFileType = wrapper.framework; includeInIndex = 0; path = Pods_WebViewTesterTests.framework; sourceTree = BUILT_PRODUCTS_DIR; };
		D2C8778D6B2CC6D3F8C88CA4 /* Pods-WebViewTester.release.xcconfig */ = {isa = PBXFileReference; includeInIndex = 1; lastKnownFileType = text.xcconfig; name = "Pods-WebViewTester.release.xcconfig"; path = "Target Support Files/Pods-WebViewTester/Pods-WebViewTester.release.xcconfig"; sourceTree = "<group>"; };
		E37E7F324005BDD6D950FC4E /* Pods_WebViewTesterUITests.framework */ = {isa = PBXFileReference; explicitFileType = wrapper.framework; includeInIndex = 0; path = Pods_WebViewTesterUITests.framework; sourceTree = BUILT_PRODUCTS_DIR; };
/* End PBXFileReference section */

/* Begin PBXFrameworksBuildPhase section */
		36F7D43E22A9485A003B357A /* Frameworks */ = {
			isa = PBXFrameworksBuildPhase;
			buildActionMask = 2147483647;
			files = (
				1C4EBC1A68B2FE2158546F54 /* Pods_WebViewTester.framework in Frameworks */,
				88438974266020230042AFFE /* SCGateway.framework in Frameworks */,
			);
			runOnlyForDeploymentPostprocessing = 0;
		};
		36F7D45222A9485C003B357A /* Frameworks */ = {
			isa = PBXFrameworksBuildPhase;
			buildActionMask = 2147483647;
			files = (
				B913F2E891FEC8538CA42C63 /* Pods_WebViewTesterTests.framework in Frameworks */,
			);
			runOnlyForDeploymentPostprocessing = 0;
		};
		36F7D45D22A9485C003B357A /* Frameworks */ = {
			isa = PBXFrameworksBuildPhase;
			buildActionMask = 2147483647;
			files = (
				4022BCAF0EC40239C690DA1B /* Pods_WebViewTesterUITests.framework in Frameworks */,
			);
			runOnlyForDeploymentPostprocessing = 0;
		};
/* End PBXFrameworksBuildPhase section */

/* Begin PBXGroup section */
		1623BB5555C1EA2952D236E9 /* Frameworks */ = {
			isa = PBXGroup;
			children = (
				3645969E2436906B00C4B617 /* SCGateway.framework */,
				3645969C24364FB000C4B617 /* libSCGateway.a */,
				364596992436462300C4B617 /* SCGateway.framework */,
				14D43D9D7D59F256BBA52384 /* Pods_WebViewTester.framework */,
				CBBD09801E4B2F2CD2B42165 /* Pods_WebViewTesterTests.framework */,
				E37E7F324005BDD6D950FC4E /* Pods_WebViewTesterUITests.framework */,
			);
			name = Frameworks;
			sourceTree = "<group>";
		};
		3645969524363DC200C4B617 /* Recovered References */ = {
			isa = PBXGroup;
			children = (
			);
			name = "Recovered References";
			sourceTree = "<group>";
		};
		3658975B23842F380083F299 /* News */ = {
			isa = PBXGroup;
			children = (
				3658975823842F300083F299 /* NewsViewController.swift */,
				3658975C23842F580083F299 /* NewsTableViewCell.swift */,
				3658975D23842F580083F299 /* NewsTableViewCell.xib */,
			);
			path = News;
			sourceTree = "<group>";
		};
		3658976F23855F000083F299 /* Historical */ = {
			isa = PBXGroup;
			children = (
				3658977023855F210083F299 /* HistoricalViewController.swift */,
			);
			path = Historical;
			sourceTree = "<group>";
		};
		366C2623246488D000C638B1 /* Holdings */ = {
			isa = PBXGroup;
			children = (
				366C26242464892200C638B1 /* GetHoldingsResponse.swift */,
				366C26282464892200C638B1 /* HoldingsViewController.swift */,
				366C262A2464892300C638B1 /* PrivateSmallcaseCell.swift */,
				366C26292464892300C638B1 /* PrivateSmallcaseCell.xib */,
				366C26262464892200C638B1 /* PublicSmallcaseCell.swift */,
				366C26252464892200C638B1 /* PublicSmallcaseCell.xib */,
				366C26272464892200C638B1 /* StocksCell.swift */,
				366C262B2464892300C638B1 /* StocksCell.xib */,
			);
			path = Holdings;
			sourceTree = "<group>";
		};
		36AEFD97237E9AC600E45E63 /* Helpers */ = {
			isa = PBXGroup;
			children = (
				36DC3F422382E3B60058DE04 /* LoadingOverlay.swift */,
				36589762238433C90083F299 /* UIImageVIew+Ext.swift */,
				36997E132386B4E8002597BF /* NetworkManager.swift */,
				361995C6241665300054D5CF /* UIViewController+Ext.swift */,
			);
			path = Helpers;
			sourceTree = "<group>";
		};
		36AEFD9A237E9BE100E45E63 /* Data */ = {
			isa = PBXGroup;
			children = (
				36DC3F2D2382A70C0058DE04 /* Investments */,
				36AEFD9D237EB93300E45E63 /* CreateTransactionBody.swift */,
				36AEFD9F237EB99F00E45E63 /* CreateTransactionResponse.swift */,
				36AEFDA9237EC8D200E45E63 /* SmallcaseResponse.swift */,
				36DC3F282382A5900058DE04 /* Smallcase.swift */,
				36DC3F2A2382A5AA0058DE04 /* Constituent.swift */,
				36DC3F3E2382C4F60058DE04 /* ExitedSmallcaseResponse.swift */,
				365897602384317B0083F299 /* News.swift */,
				36997E152386B55B002597BF /* AuthTokenResponse.swift */,
			);
			path = Data;
			sourceTree = "<group>";
		};
		36AEFDA1237EC2A500E45E63 /* Smallcase List */ = {
			isa = PBXGroup;
			children = (
				36AEFDA2237EC2AF00E45E63 /* View */,
			);
			path = "Smallcase List";
			sourceTree = "<group>";
		};
		36AEFDA2237EC2AF00E45E63 /* View */ = {
			isa = PBXGroup;
			children = (
				36AEFDA3237EC2CA00E45E63 /* SmallcaseListViewController.swift */,
				36AEFDA5237EC33E00E45E63 /* SmallcaseTableViewCell.swift */,
				36AEFDA6237EC33E00E45E63 /* SmallcaseTableViewCell.xib */,
				36DC3F1F2380A2BA0058DE04 /* SmallcaseListHeaderView.swift */,
			);
			path = View;
			sourceTree = "<group>";
		};
		36AEFDAB237ED77100E45E63 /* Smallcase Profile */ = {
			isa = PBXGroup;
			children = (
				36AEFDAC237EEFAA00E45E63 /* SmallcaseProfileViewController.swift */,
				36AEFDAE237EF69200E45E63 /* SmallcaseConstituentsTVCell.swift */,
				36AEFDAF237EF69200E45E63 /* SmallcaseConstituentsTVCell.xib */,
				36AEFDB2237F044D00E45E63 /* ConstiuentsHeaderView.xib */,
				36AEFDB4237F053D00E45E63 /* ConstiuentsHeaderVIew.swift */,
			);
			path = "Smallcase Profile";
			sourceTree = "<group>";
		};
		36B34BB322B13778001FD051 /* Login */ = {
			isa = PBXGroup;
			children = (
				36B34BB422B13791001FD051 /* Controller */,
			);
			path = Login;
			sourceTree = "<group>";
		};
		36B34BB422B13791001FD051 /* Controller */ = {
			isa = PBXGroup;
			children = (
				36B34BB522B137B5001FD051 /* LoginViewController.swift */,
			);
			path = Controller;
			sourceTree = "<group>";
		};
		36BBD4D024E19F9F0020C9EA /* Lead Gen */ = {
			isa = PBXGroup;
			children = (
				36BBD4D324E19FC30020C9EA /* LeadGenViewController.swift */,
			);
			path = "Lead Gen";
			sourceTree = "<group>";
		};
		36DC3F222380A7D60058DE04 /* Investments */ = {
			isa = PBXGroup;
			children = (
				36DC3F232380A7F20058DE04 /* InvestmentsListViewController.swift */,
				36DC3F452383F7290058DE04 /* InvestmentDetailsViewController.swift */,
			);
			path = Investments;
			sourceTree = "<group>";
		};
		36DC3F2D2382A70C0058DE04 /* Investments */ = {
			isa = PBXGroup;
			children = (
				36DC3F2E2382A74E0058DE04 /* Investment.swift */,
				36DC3F302382A7900058DE04 /* InvestmentReturns.swift */,
				36DC3F322382A7A80058DE04 /* InvestedActions.swift */,
				36DC3F342382A7EA0058DE04 /* AllInvestmentsResponse.swift */,
			);
			path = Investments;
			sourceTree = "<group>";
		};
		36F7D43822A9485A003B357A = {
			isa = PBXGroup;
			children = (
				88438972266020120042AFFE /* SCGateway.framework */,
				36F7D44322A9485A003B357A /* WebViewTester */,
				36F7D45822A9485C003B357A /* WebViewTesterTests */,
				36F7D46322A9485C003B357A /* WebViewTesterUITests */,
				36F7D44222A9485A003B357A /* Products */,
				1623BB5555C1EA2952D236E9 /* Frameworks */,
				3645969524363DC200C4B617 /* Recovered References */,
				3E3B351C612B58ACF7BB478B /* Pods */,
			);
			sourceTree = "<group>";
		};
		36F7D44222A9485A003B357A /* Products */ = {
			isa = PBXGroup;
			children = (
				36F7D44122A9485A003B357A /* Smart Investing.app */,
				36F7D45522A9485C003B357A /* WebViewTesterTests.xctest */,
				36F7D46022A9485C003B357A /* WebViewTesterUITests.xctest */,
			);
			name = Products;
			sourceTree = "<group>";
		};
		36F7D44322A9485A003B357A /* WebViewTester */ = {
			isa = PBXGroup;
			children = (
				36BBD4D024E19F9F0020C9EA /* Lead Gen */,
				366C2623246488D000C638B1 /* Holdings */,
				3658976F23855F000083F299 /* Historical */,
				3658975B23842F380083F299 /* News */,
				36DC3F222380A7D60058DE04 /* Investments */,
				36AEFDAB237ED77100E45E63 /* Smallcase Profile */,
				36AEFDA1237EC2A500E45E63 /* Smallcase List */,
				36AEFD9A237E9BE100E45E63 /* Data */,
				36AEFD97237E9AC600E45E63 /* Helpers */,
				36B34BB322B13778001FD051 /* Login */,
				36F7D45022A9485C003B357A /* Info.plist */,
				36F7D4AF22B0E9D5003B357A /* Web Opener */,
				36F7D4AE22B0E9AD003B357A /* Supporting FIles */,
				36F7D4A222AFBF69003B357A /* Create */,
			);
			path = WebViewTester;
			sourceTree = "<group>";
		};
		36F7D45822A9485C003B357A /* WebViewTesterTests */ = {
			isa = PBXGroup;
			children = (
				36F7D45922A9485C003B357A /* WebViewTesterTests.swift */,
				36F7D45B22A9485C003B357A /* Info.plist */,
			);
			path = WebViewTesterTests;
			sourceTree = "<group>";
		};
		36F7D46322A9485C003B357A /* WebViewTesterUITests */ = {
			isa = PBXGroup;
			children = (
				36F7D46422A9485D003B357A /* WebViewTesterUITests.swift */,
				36F7D46622A9485D003B357A /* Info.plist */,
			);
			path = WebViewTesterUITests;
			sourceTree = "<group>";
		};
		36F7D4A222AFBF69003B357A /* Create */ = {
			isa = PBXGroup;
			children = (
				36F7D4BA22B106C4003B357A /* Controller */,
				36F7D4B122B0EA02003B357A /* Networking */,
				36F7D4B022B0E9F5003B357A /* VIew */,
				36F7D4AB22B0E62E003B357A /* Model */,
			);
			path = Create;
			sourceTree = "<group>";
		};
		36F7D4AB22B0E62E003B357A /* Model */ = {
			isa = PBXGroup;
			children = (
				36F7D4AC22B0E936003B357A /* Stock.swift */,
				3692146D237FEC5F0087DF04 /* Transaction.swift */,
			);
			path = Model;
			sourceTree = "<group>";
		};
		36F7D4AE22B0E9AD003B357A /* Supporting FIles */ = {
			isa = PBXGroup;
			children = (
				36F7D44422A9485A003B357A /* AppDelegate.swift */,
				36F7D44822A9485A003B357A /* Main.storyboard */,
				36F7D44B22A9485C003B357A /* Assets.xcassets */,
				36F7D44D22A9485C003B357A /* LaunchScreen.storyboard */,
				36B34BBA22B253BE001FD051 /* Constants.swift */,
			);
			path = "Supporting FIles";
			sourceTree = "<group>";
		};
		36F7D4AF22B0E9D5003B357A /* Web Opener */ = {
			isa = PBXGroup;
			children = (
				36F7D44622A9485A003B357A /* ViewController.swift */,
				36F7D47222A94CE9003B357A /* WebViewController.swift */,
			);
			path = "Web Opener";
			sourceTree = "<group>";
		};
		36F7D4B022B0E9F5003B357A /* VIew */ = {
			isa = PBXGroup;
			children = (
				36F7D4A322B0D462003B357A /* CreateTableViewCell.swift */,
				36F7D4A422B0D462003B357A /* CreateTableViewCell.xib */,
				36F7D4B622B10397003B357A /* SearchCell.swift */,
				36F7D4B722B10397003B357A /* SearchCell.xib */,
			);
			path = VIew;
			sourceTree = "<group>";
		};
		36F7D4B122B0EA02003B357A /* Networking */ = {
			isa = PBXGroup;
			children = (
				36F7D4B222B0EA25003B357A /* QueryService.swift */,
			);
			path = Networking;
			sourceTree = "<group>";
		};
		36F7D4BA22B106C4003B357A /* Controller */ = {
			isa = PBXGroup;
			children = (
				36F7D4A922B0D723003B357A /* CreateViewController.swift */,
				36F7D4BB22B106EF003B357A /* CreateViewController+SearchDelegate.swift */,
			);
			path = Controller;
			sourceTree = "<group>";
		};
		3E3B351C612B58ACF7BB478B /* Pods */ = {
			isa = PBXGroup;
			children = (
				58796B1B39C8C37880550A04 /* Pods-WebViewTester.debug.xcconfig */,
				D2C8778D6B2CC6D3F8C88CA4 /* Pods-WebViewTester.release.xcconfig */,
				0D39E506F3303C49D995DA04 /* Pods-WebViewTesterTests.debug.xcconfig */,
				6CEEA5361ECFF807D24F2B30 /* Pods-WebViewTesterTests.release.xcconfig */,
				224A8A9587172BD96A0882B3 /* Pods-WebViewTesterUITests.debug.xcconfig */,
				3722F156C9C90D161DF4062C /* Pods-WebViewTesterUITests.release.xcconfig */,
			);
			path = Pods;
			sourceTree = "<group>";
		};
/* End PBXGroup section */

/* Begin PBXNativeTarget section */
		36F7D44022A9485A003B357A /* WebViewTester */ = {
			isa = PBXNativeTarget;
			buildConfigurationList = 36F7D46922A9485D003B357A /* Build configuration list for PBXNativeTarget "WebViewTester" */;
			buildPhases = (
				47C5B7F612B2E09D714A03A7 /* [CP] Check Pods Manifest.lock */,
				36F7D43D22A9485A003B357A /* Sources */,
				36F7D43E22A9485A003B357A /* Frameworks */,
				36F7D43F22A9485A003B357A /* Resources */,
				18AF7094252F6C790038FBD0 /* Embed Frameworks */,
				6F990F6F18C8C0343C8BE3CB /* [CP] Embed Pods Frameworks */,
				885B4BE6265FE0CA00FC3B1A /* ShellScript */,
			);
			buildRules = (
			);
			dependencies = (
			);
			name = WebViewTester;
			productName = WebViewTester;
			productReference = 36F7D44122A9485A003B357A /* Smart Investing.app */;
			productType = "com.apple.product-type.application";
		};
		36F7D45422A9485C003B357A /* WebViewTesterTests */ = {
			isa = PBXNativeTarget;
			buildConfigurationList = 36F7D46C22A9485D003B357A /* Build configuration list for PBXNativeTarget "WebViewTesterTests" */;
			buildPhases = (
				23F144CC5CE164D497346B0A /* [CP] Check Pods Manifest.lock */,
				36F7D45122A9485C003B357A /* Sources */,
				36F7D45222A9485C003B357A /* Frameworks */,
				36F7D45322A9485C003B357A /* Resources */,
			);
			buildRules = (
			);
			dependencies = (
				36F7D45722A9485C003B357A /* PBXTargetDependency */,
			);
			name = WebViewTesterTests;
			productName = WebViewTesterTests;
			productReference = 36F7D45522A9485C003B357A /* WebViewTesterTests.xctest */;
			productType = "com.apple.product-type.bundle.unit-test";
		};
		36F7D45F22A9485C003B357A /* WebViewTesterUITests */ = {
			isa = PBXNativeTarget;
			buildConfigurationList = 36F7D46F22A9485D003B357A /* Build configuration list for PBXNativeTarget "WebViewTesterUITests" */;
			buildPhases = (
				045D7B78C974A62F021B914B /* [CP] Check Pods Manifest.lock */,
				36F7D45C22A9485C003B357A /* Sources */,
				36F7D45D22A9485C003B357A /* Frameworks */,
				36F7D45E22A9485C003B357A /* Resources */,
			);
			buildRules = (
			);
			dependencies = (
				36F7D46222A9485C003B357A /* PBXTargetDependency */,
			);
			name = WebViewTesterUITests;
			productName = WebViewTesterUITests;
			productReference = 36F7D46022A9485C003B357A /* WebViewTesterUITests.xctest */;
			productType = "com.apple.product-type.bundle.ui-testing";
		};
/* End PBXNativeTarget section */

/* Begin PBXProject section */
		36F7D43922A9485A003B357A /* Project object */ = {
			isa = PBXProject;
			attributes = {
				LastSwiftUpdateCheck = 1020;
				LastUpgradeCheck = 1020;
				ORGANIZATIONNAME = smallcase;
				TargetAttributes = {
					36F7D44022A9485A003B357A = {
						CreatedOnToolsVersion = 10.2.1;
					};
					36F7D45422A9485C003B357A = {
						CreatedOnToolsVersion = 10.2.1;
						TestTargetID = 36F7D44022A9485A003B357A;
					};
					36F7D45F22A9485C003B357A = {
						CreatedOnToolsVersion = 10.2.1;
						TestTargetID = 36F7D44022A9485A003B357A;
					};
				};
			};
			buildConfigurationList = 36F7D43C22A9485A003B357A /* Build configuration list for PBXProject "WebViewTester" */;
			compatibilityVersion = "Xcode 9.3";
			developmentRegion = en;
			hasScannedForEncodings = 0;
			knownRegions = (
				en,
				Base,
			);
			mainGroup = 36F7D43822A9485A003B357A;
			productRefGroup = 36F7D44222A9485A003B357A /* Products */;
			projectDirPath = "";
			projectRoot = "";
			targets = (
				36F7D44022A9485A003B357A /* WebViewTester */,
				36F7D45422A9485C003B357A /* WebViewTesterTests */,
				36F7D45F22A9485C003B357A /* WebViewTesterUITests */,
			);
		};
/* End PBXProject section */

/* Begin PBXResourcesBuildPhase section */
		36F7D43F22A9485A003B357A /* Resources */ = {
			isa = PBXResourcesBuildPhase;
			buildActionMask = 2147483647;
			files = (
				366C26312464892300C638B1 /* PrivateSmallcaseCell.xib in Resources */,
				36F7D4B922B10397003B357A /* SearchCell.xib in Resources */,
				36F7D44F22A9485C003B357A /* LaunchScreen.storyboard in Resources */,
				366C262D2464892300C638B1 /* PublicSmallcaseCell.xib in Resources */,
				36AEFDB1237EF69200E45E63 /* SmallcaseConstituentsTVCell.xib in Resources */,
				36F7D44C22A9485C003B357A /* Assets.xcassets in Resources */,
				3658975F23842F580083F299 /* NewsTableViewCell.xib in Resources */,
				36F7D44A22A9485A003B357A /* Main.storyboard in Resources */,
				36AEFDB3237F044D00E45E63 /* ConstiuentsHeaderView.xib in Resources */,
				36F7D4A622B0D462003B357A /* CreateTableViewCell.xib in Resources */,
				366C26332464892300C638B1 /* StocksCell.xib in Resources */,
				36AEFDA8237EC33E00E45E63 /* SmallcaseTableViewCell.xib in Resources */,
			);
			runOnlyForDeploymentPostprocessing = 0;
		};
		36F7D45322A9485C003B357A /* Resources */ = {
			isa = PBXResourcesBuildPhase;
			buildActionMask = 2147483647;
			files = (
			);
			runOnlyForDeploymentPostprocessing = 0;
		};
		36F7D45E22A9485C003B357A /* Resources */ = {
			isa = PBXResourcesBuildPhase;
			buildActionMask = 2147483647;
			files = (
			);
			runOnlyForDeploymentPostprocessing = 0;
		};
/* End PBXResourcesBuildPhase section */

/* Begin PBXShellScriptBuildPhase section */
		045D7B78C974A62F021B914B /* [CP] Check Pods Manifest.lock */ = {
			isa = PBXShellScriptBuildPhase;
			buildActionMask = 2147483647;
			files = (
			);
			inputFileListPaths = (
			);
			inputPaths = (
				"${PODS_PODFILE_DIR_PATH}/Podfile.lock",
				"${PODS_ROOT}/Manifest.lock",
			);
			name = "[CP] Check Pods Manifest.lock";
			outputFileListPaths = (
			);
			outputPaths = (
				"$(DERIVED_FILE_DIR)/Pods-WebViewTesterUITests-checkManifestLockResult.txt",
			);
			runOnlyForDeploymentPostprocessing = 0;
			shellPath = /bin/sh;
			shellScript = "diff \"${PODS_PODFILE_DIR_PATH}/Podfile.lock\" \"${PODS_ROOT}/Manifest.lock\" > /dev/null\nif [ $? != 0 ] ; then\n    # print error to STDERR\n    echo \"error: The sandbox is not in sync with the Podfile.lock. Run 'pod install' or update your CocoaPods installation.\" >&2\n    exit 1\nfi\n# This output is used by Xcode 'outputs' to avoid re-running this script phase.\necho \"SUCCESS\" > \"${SCRIPT_OUTPUT_FILE_0}\"\n";
			showEnvVarsInLog = 0;
		};
		23F144CC5CE164D497346B0A /* [CP] Check Pods Manifest.lock */ = {
			isa = PBXShellScriptBuildPhase;
			buildActionMask = 2147483647;
			files = (
			);
			inputFileListPaths = (
			);
			inputPaths = (
				"${PODS_PODFILE_DIR_PATH}/Podfile.lock",
				"${PODS_ROOT}/Manifest.lock",
			);
			name = "[CP] Check Pods Manifest.lock";
			outputFileListPaths = (
			);
			outputPaths = (
				"$(DERIVED_FILE_DIR)/Pods-WebViewTesterTests-checkManifestLockResult.txt",
			);
			runOnlyForDeploymentPostprocessing = 0;
			shellPath = /bin/sh;
			shellScript = "diff \"${PODS_PODFILE_DIR_PATH}/Podfile.lock\" \"${PODS_ROOT}/Manifest.lock\" > /dev/null\nif [ $? != 0 ] ; then\n    # print error to STDERR\n    echo \"error: The sandbox is not in sync with the Podfile.lock. Run 'pod install' or update your CocoaPods installation.\" >&2\n    exit 1\nfi\n# This output is used by Xcode 'outputs' to avoid re-running this script phase.\necho \"SUCCESS\" > \"${SCRIPT_OUTPUT_FILE_0}\"\n";
			showEnvVarsInLog = 0;
		};
		47C5B7F612B2E09D714A03A7 /* [CP] Check Pods Manifest.lock */ = {
			isa = PBXShellScriptBuildPhase;
			buildActionMask = 2147483647;
			files = (
			);
			inputFileListPaths = (
			);
			inputPaths = (
				"${PODS_PODFILE_DIR_PATH}/Podfile.lock",
				"${PODS_ROOT}/Manifest.lock",
			);
			name = "[CP] Check Pods Manifest.lock";
			outputFileListPaths = (
			);
			outputPaths = (
				"$(DERIVED_FILE_DIR)/Pods-WebViewTester-checkManifestLockResult.txt",
			);
			runOnlyForDeploymentPostprocessing = 0;
			shellPath = /bin/sh;
			shellScript = "diff \"${PODS_PODFILE_DIR_PATH}/Podfile.lock\" \"${PODS_ROOT}/Manifest.lock\" > /dev/null\nif [ $? != 0 ] ; then\n    # print error to STDERR\n    echo \"error: The sandbox is not in sync with the Podfile.lock. Run 'pod install' or update your CocoaPods installation.\" >&2\n    exit 1\nfi\n# This output is used by Xcode 'outputs' to avoid re-running this script phase.\necho \"SUCCESS\" > \"${SCRIPT_OUTPUT_FILE_0}\"\n";
			showEnvVarsInLog = 0;
		};
		6F990F6F18C8C0343C8BE3CB /* [CP] Embed Pods Frameworks */ = {
			isa = PBXShellScriptBuildPhase;
			buildActionMask = 2147483647;
			files = (
			);
			inputFileListPaths = (
				"${PODS_ROOT}/Target Support Files/Pods-WebViewTester/Pods-WebViewTester-frameworks-${CONFIGURATION}-input-files.xcfilelist",
			);
			name = "[CP] Embed Pods Frameworks";
			outputFileListPaths = (
				"${PODS_ROOT}/Target Support Files/Pods-WebViewTester/Pods-WebViewTester-frameworks-${CONFIGURATION}-output-files.xcfilelist",
			);
			runOnlyForDeploymentPostprocessing = 0;
			shellPath = /bin/sh;
			shellScript = "\"${PODS_ROOT}/Target Support Files/Pods-WebViewTester/Pods-WebViewTester-frameworks.sh\"\n";
			showEnvVarsInLog = 0;
		};
		885B4BE6265FE0CA00FC3B1A /* ShellScript */ = {
			isa = PBXShellScriptBuildPhase;
			buildActionMask = 2147483647;
			files = (
			);
			inputFileListPaths = (
			);
			inputPaths = (
			);
			outputFileListPaths = (
			);
			outputPaths = (
			);
			runOnlyForDeploymentPostprocessing = 0;
			shellPath = /bin/sh;
			shellScript = "# Type a script or drag a script file from your workspace to insert its path.\n# skip if we run in debug\nif [ \"$CONFIGURATION\" == \"Debug\" ]; then\necho \"Skip frameworks cleaning in debug version\"\nexit 0\nfi\n\nAPP_PATH=\"${TARGET_BUILD_DIR}/${WRAPPER_NAME}\"\n\n# This script loops through the frameworks embedded in the application and\n# removes unused architectures.\nfind \"$APP_PATH\" -name '*.framework' -type d | while read -r FRAMEWORK\ndo\nFRAMEWORK_EXECUTABLE_NAME=$(defaults read \"$FRAMEWORK/Info.plist\" CFBundleExecutable)\nFRAMEWORK_EXECUTABLE_PATH=\"$FRAMEWORK/$FRAMEWORK_EXECUTABLE_NAME\"\necho \"Executable is $FRAMEWORK_EXECUTABLE_PATH\"\n\nEXTRACTED_ARCHS=()\n\nfor ARCH in $ARCHS\ndo\necho \"Extracting $ARCH from $FRAMEWORK_EXECUTABLE_NAME\"\nlipo -extract \"$ARCH\" \"$FRAMEWORK_EXECUTABLE_PATH\" -o \"$FRAMEWORK_EXECUTABLE_PATH-$ARCH\"\nEXTRACTED_ARCHS+=(\"$FRAMEWORK_EXECUTABLE_PATH-$ARCH\")\ndone\n\necho \"Merging extracted architectures: ${ARCHS}\"\nlipo -o \"$FRAMEWORK_EXECUTABLE_PATH-merged\" -create \"${EXTRACTED_ARCHS[@]}\"\nrm \"${EXTRACTED_ARCHS[@]}\"\n\necho \"Replacing original executable with thinned version\"\nrm \"$FRAMEWORK_EXECUTABLE_PATH\"\nmv \"$FRAMEWORK_EXECUTABLE_PATH-merged\" \"$FRAMEWORK_EXECUTABLE_PATH\"\n\ndone\n";
		};
/* End PBXShellScriptBuildPhase section */

/* Begin PBXSourcesBuildPhase section */
		36F7D43D22A9485A003B357A /* Sources */ = {
			isa = PBXSourcesBuildPhase;
			buildActionMask = 2147483647;
			files = (
				36997E142386B4E8002597BF /* NetworkManager.swift in Sources */,
				366C26322464892300C638B1 /* PrivateSmallcaseCell.swift in Sources */,
				36DC3F462383F7290058DE04 /* InvestmentDetailsViewController.swift in Sources */,
				36F7D4AA22B0D723003B357A /* CreateViewController.swift in Sources */,
				36AEFDAA237EC8D200E45E63 /* SmallcaseResponse.swift in Sources */,
				36AEFDA0237EB99F00E45E63 /* CreateTransactionResponse.swift in Sources */,
				36AEFDA7237EC33E00E45E63 /* SmallcaseTableViewCell.swift in Sources */,
				366C262F2464892300C638B1 /* StocksCell.swift in Sources */,
				36DC3F202380A2BA0058DE04 /* SmallcaseListHeaderView.swift in Sources */,
				36F7D44722A9485A003B357A /* ViewController.swift in Sources */,
				36DC3F2B2382A5AA0058DE04 /* Constituent.swift in Sources */,
				366C262E2464892300C638B1 /* PublicSmallcaseCell.swift in Sources */,
				36DC3F432382E3B60058DE04 /* LoadingOverlay.swift in Sources */,
				36F7D4AD22B0E936003B357A /* Stock.swift in Sources */,
				366C262C2464892300C638B1 /* GetHoldingsResponse.swift in Sources */,
				36DC3F292382A5900058DE04 /* Smallcase.swift in Sources */,
				36F7D4B822B10397003B357A /* SearchCell.swift in Sources */,
				36AEFDA4237EC2CA00E45E63 /* SmallcaseListViewController.swift in Sources */,
				361995C7241665300054D5CF /* UIViewController+Ext.swift in Sources */,
				36DC3F332382A7A80058DE04 /* InvestedActions.swift in Sources */,
				36F7D47322A94CE9003B357A /* WebViewController.swift in Sources */,
				36DC3F242380A7F20058DE04 /* InvestmentsListViewController.swift in Sources */,
				36B34BBB22B253BE001FD051 /* Constants.swift in Sources */,
				36F7D4B322B0EA25003B357A /* QueryService.swift in Sources */,
				36BBD4D424E19FC30020C9EA /* LeadGenViewController.swift in Sources */,
				36F7D44522A9485A003B357A /* AppDelegate.swift in Sources */,
				3692146E237FEC5F0087DF04 /* Transaction.swift in Sources */,
				366C26302464892300C638B1 /* HoldingsViewController.swift in Sources */,
				3658975E23842F580083F299 /* NewsTableViewCell.swift in Sources */,
				36DC3F2F2382A74E0058DE04 /* Investment.swift in Sources */,
				36AEFDB0237EF69200E45E63 /* SmallcaseConstituentsTVCell.swift in Sources */,
				36F7D4A522B0D462003B357A /* CreateTableViewCell.swift in Sources */,
				36F7D4BC22B106EF003B357A /* CreateViewController+SearchDelegate.swift in Sources */,
				36AEFD9E237EB93300E45E63 /* CreateTransactionBody.swift in Sources */,
				36B34BB622B137B5001FD051 /* LoginViewController.swift in Sources */,
				36997E162386B55B002597BF /* AuthTokenResponse.swift in Sources */,
				36DC3F312382A7900058DE04 /* InvestmentReturns.swift in Sources */,
				365897612384317B0083F299 /* News.swift in Sources */,
				3658975923842F300083F299 /* NewsViewController.swift in Sources */,
				36AEFDAD237EEFAA00E45E63 /* SmallcaseProfileViewController.swift in Sources */,
				36589763238433C90083F299 /* UIImageVIew+Ext.swift in Sources */,
				3658977123855F210083F299 /* HistoricalViewController.swift in Sources */,
				36DC3F352382A7EA0058DE04 /* AllInvestmentsResponse.swift in Sources */,
				36AEFDB5237F053D00E45E63 /* ConstiuentsHeaderVIew.swift in Sources */,
				36DC3F3F2382C4F60058DE04 /* ExitedSmallcaseResponse.swift in Sources */,
			);
			runOnlyForDeploymentPostprocessing = 0;
		};
		36F7D45122A9485C003B357A /* Sources */ = {
			isa = PBXSourcesBuildPhase;
			buildActionMask = 2147483647;
			files = (
				36F7D45A22A9485C003B357A /* WebViewTesterTests.swift in Sources */,
			);
			runOnlyForDeploymentPostprocessing = 0;
		};
		36F7D45C22A9485C003B357A /* Sources */ = {
			isa = PBXSourcesBuildPhase;
			buildActionMask = 2147483647;
			files = (
				36F7D46522A9485D003B357A /* WebViewTesterUITests.swift in Sources */,
			);
			runOnlyForDeploymentPostprocessing = 0;
		};
/* End PBXSourcesBuildPhase section */

/* Begin PBXTargetDependency section */
		36F7D45722A9485C003B357A /* PBXTargetDependency */ = {
			isa = PBXTargetDependency;
			target = 36F7D44022A9485A003B357A /* WebViewTester */;
			targetProxy = 36F7D45622A9485C003B357A /* PBXContainerItemProxy */;
		};
		36F7D46222A9485C003B357A /* PBXTargetDependency */ = {
			isa = PBXTargetDependency;
			target = 36F7D44022A9485A003B357A /* WebViewTester */;
			targetProxy = 36F7D46122A9485C003B357A /* PBXContainerItemProxy */;
		};
/* End PBXTargetDependency section */

/* Begin PBXVariantGroup section */
		36F7D44822A9485A003B357A /* Main.storyboard */ = {
			isa = PBXVariantGroup;
			children = (
				36F7D44922A9485A003B357A /* Base */,
			);
			name = Main.storyboard;
			sourceTree = "<group>";
		};
		36F7D44D22A9485C003B357A /* LaunchScreen.storyboard */ = {
			isa = PBXVariantGroup;
			children = (
				36F7D44E22A9485C003B357A /* Base */,
			);
			name = LaunchScreen.storyboard;
			sourceTree = "<group>";
		};
/* End PBXVariantGroup section */

/* Begin XCBuildConfiguration section */
		36F7D46722A9485D003B357A /* Debug */ = {
			isa = XCBuildConfiguration;
			buildSettings = {
				ALWAYS_SEARCH_USER_PATHS = NO;
				CLANG_ANALYZER_NONNULL = YES;
				CLANG_ANALYZER_NUMBER_OBJECT_CONVERSION = YES_AGGRESSIVE;
				CLANG_CXX_LANGUAGE_STANDARD = "gnu++14";
				CLANG_CXX_LIBRARY = "libc++";
				CLANG_ENABLE_MODULES = YES;
				CLANG_ENABLE_OBJC_ARC = YES;
				CLANG_ENABLE_OBJC_WEAK = YES;
				CLANG_WARN_BLOCK_CAPTURE_AUTORELEASING = YES;
				CLANG_WARN_BOOL_CONVERSION = YES;
				CLANG_WARN_COMMA = YES;
				CLANG_WARN_CONSTANT_CONVERSION = YES;
				CLANG_WARN_DEPRECATED_OBJC_IMPLEMENTATIONS = YES;
				CLANG_WARN_DIRECT_OBJC_ISA_USAGE = YES_ERROR;
				CLANG_WARN_DOCUMENTATION_COMMENTS = YES;
				CLANG_WARN_EMPTY_BODY = YES;
				CLANG_WARN_ENUM_CONVERSION = YES;
				CLANG_WARN_INFINITE_RECURSION = YES;
				CLANG_WARN_INT_CONVERSION = YES;
				CLANG_WARN_NON_LITERAL_NULL_CONVERSION = YES;
				CLANG_WARN_OBJC_IMPLICIT_RETAIN_SELF = YES;
				CLANG_WARN_OBJC_LITERAL_CONVERSION = YES;
				CLANG_WARN_OBJC_ROOT_CLASS = YES_ERROR;
				CLANG_WARN_RANGE_LOOP_ANALYSIS = YES;
				CLANG_WARN_STRICT_PROTOTYPES = YES;
				CLANG_WARN_SUSPICIOUS_MOVE = YES;
				CLANG_WARN_UNGUARDED_AVAILABILITY = YES_AGGRESSIVE;
				CLANG_WARN_UNREACHABLE_CODE = YES;
				CLANG_WARN__DUPLICATE_METHOD_MATCH = YES;
				CODE_SIGN_IDENTITY = "iPhone Developer";
				COPY_PHASE_STRIP = NO;
				DEBUG_INFORMATION_FORMAT = dwarf;
				ENABLE_STRICT_OBJC_MSGSEND = YES;
				ENABLE_TESTABILITY = YES;
				GCC_C_LANGUAGE_STANDARD = gnu11;
				GCC_DYNAMIC_NO_PIC = NO;
				GCC_NO_COMMON_BLOCKS = YES;
				GCC_OPTIMIZATION_LEVEL = 0;
				GCC_PREPROCESSOR_DEFINITIONS = (
					"DEBUG=1",
					"$(inherited)",
				);
				GCC_WARN_64_TO_32_BIT_CONVERSION = YES;
				GCC_WARN_ABOUT_RETURN_TYPE = YES_ERROR;
				GCC_WARN_UNDECLARED_SELECTOR = YES;
				GCC_WARN_UNINITIALIZED_AUTOS = YES_AGGRESSIVE;
				GCC_WARN_UNUSED_FUNCTION = YES;
				GCC_WARN_UNUSED_VARIABLE = YES;
				IPHONEOS_DEPLOYMENT_TARGET = 11.0;
				MTL_ENABLE_DEBUG_INFO = INCLUDE_SOURCE;
				MTL_FAST_MATH = YES;
				ONLY_ACTIVE_ARCH = YES;
				SDKROOT = iphoneos;
				SWIFT_ACTIVE_COMPILATION_CONDITIONS = DEBUG;
				SWIFT_OPTIMIZATION_LEVEL = "-Onone";
			};
			name = Debug;
		};
		36F7D46822A9485D003B357A /* Release */ = {
			isa = XCBuildConfiguration;
			buildSettings = {
				ALWAYS_SEARCH_USER_PATHS = NO;
				CLANG_ANALYZER_NONNULL = YES;
				CLANG_ANALYZER_NUMBER_OBJECT_CONVERSION = YES_AGGRESSIVE;
				CLANG_CXX_LANGUAGE_STANDARD = "gnu++14";
				CLANG_CXX_LIBRARY = "libc++";
				CLANG_ENABLE_MODULES = YES;
				CLANG_ENABLE_OBJC_ARC = YES;
				CLANG_ENABLE_OBJC_WEAK = YES;
				CLANG_WARN_BLOCK_CAPTURE_AUTORELEASING = YES;
				CLANG_WARN_BOOL_CONVERSION = YES;
				CLANG_WARN_COMMA = YES;
				CLANG_WARN_CONSTANT_CONVERSION = YES;
				CLANG_WARN_DEPRECATED_OBJC_IMPLEMENTATIONS = YES;
				CLANG_WARN_DIRECT_OBJC_ISA_USAGE = YES_ERROR;
				CLANG_WARN_DOCUMENTATION_COMMENTS = YES;
				CLANG_WARN_EMPTY_BODY = YES;
				CLANG_WARN_ENUM_CONVERSION = YES;
				CLANG_WARN_INFINITE_RECURSION = YES;
				CLANG_WARN_INT_CONVERSION = YES;
				CLANG_WARN_NON_LITERAL_NULL_CONVERSION = YES;
				CLANG_WARN_OBJC_IMPLICIT_RETAIN_SELF = YES;
				CLANG_WARN_OBJC_LITERAL_CONVERSION = YES;
				CLANG_WARN_OBJC_ROOT_CLASS = YES_ERROR;
				CLANG_WARN_RANGE_LOOP_ANALYSIS = YES;
				CLANG_WARN_STRICT_PROTOTYPES = YES;
				CLANG_WARN_SUSPICIOUS_MOVE = YES;
				CLANG_WARN_UNGUARDED_AVAILABILITY = YES_AGGRESSIVE;
				CLANG_WARN_UNREACHABLE_CODE = YES;
				CLANG_WARN__DUPLICATE_METHOD_MATCH = YES;
				CODE_SIGN_IDENTITY = "iPhone Developer";
				COPY_PHASE_STRIP = NO;
				DEBUG_INFORMATION_FORMAT = "dwarf-with-dsym";
				ENABLE_NS_ASSERTIONS = NO;
				ENABLE_STRICT_OBJC_MSGSEND = YES;
				GCC_C_LANGUAGE_STANDARD = gnu11;
				GCC_NO_COMMON_BLOCKS = YES;
				GCC_WARN_64_TO_32_BIT_CONVERSION = YES;
				GCC_WARN_ABOUT_RETURN_TYPE = YES_ERROR;
				GCC_WARN_UNDECLARED_SELECTOR = YES;
				GCC_WARN_UNINITIALIZED_AUTOS = YES_AGGRESSIVE;
				GCC_WARN_UNUSED_FUNCTION = YES;
				GCC_WARN_UNUSED_VARIABLE = YES;
				IPHONEOS_DEPLOYMENT_TARGET = 11.0;
				MTL_ENABLE_DEBUG_INFO = NO;
				MTL_FAST_MATH = YES;
				SDKROOT = iphoneos;
				SWIFT_COMPILATION_MODE = wholemodule;
				SWIFT_OPTIMIZATION_LEVEL = "-O";
				VALIDATE_PRODUCT = YES;
			};
			name = Release;
		};
		36F7D46A22A9485D003B357A /* Debug */ = {
			isa = XCBuildConfiguration;
			baseConfigurationReference = 58796B1B39C8C37880550A04 /* Pods-WebViewTester.debug.xcconfig */;
			buildSettings = {
				ASSETCATALOG_COMPILER_APPICON_NAME = AppIcon;
				BUILD_LIBRARY_FOR_DISTRIBUTION = NO;
				CODE_SIGN_STYLE = Automatic;
				CURRENT_PROJECT_VERSION = 89;
				DEVELOPMENT_TEAM = BFHF2F2UCF;
				FRAMEWORK_SEARCH_PATHS = (
					"$(SRCROOT)/**",
					"$(inherited)",
					"$(PROJECT_DIR)",
				);
				INFOPLIST_FILE = WebViewTester/Info.plist;
				IPHONEOS_DEPLOYMENT_TARGET = 11.0;
				LD_RUNPATH_SEARCH_PATHS = (
					"$(inherited)",
					"@executable_path/Frameworks",
				);
				LIBRARY_SEARCH_PATHS = "$(SRCROOT)/**";
				MARKETING_VERSION = 0.8.9;
				ONLY_ACTIVE_ARCH = YES;
				OTHER_LDFLAGS = (
					"$(inherited)",
					"-framework",
					"\"Accelerate\"",
					"-framework",
					"\"DynamicBlurView\"",
					"-framework",
					"\"PopupDialog\"",
					"-framework",
					"\"UIKit\"",
					"-framework",
					"\"SCGateway\"",
				);
				PRODUCT_BUNDLE_IDENTIFIER = com.smallcase.smartInvesting;
				PRODUCT_NAME = "Smart Investing";
				SWIFT_VERSION = 5.0;
				TARGETED_DEVICE_FAMILY = 1;
				VALIDATE_WORKSPACE = YES;
			};
			name = Debug;
		};
		36F7D46B22A9485D003B357A /* Release */ = {
			isa = XCBuildConfiguration;
			baseConfigurationReference = D2C8778D6B2CC6D3F8C88CA4 /* Pods-WebViewTester.release.xcconfig */;
			buildSettings = {
				ASSETCATALOG_COMPILER_APPICON_NAME = AppIcon;
				BUILD_LIBRARY_FOR_DISTRIBUTION = NO;
				CODE_SIGN_STYLE = Automatic;
				CURRENT_PROJECT_VERSION = 89;
				DEVELOPMENT_TEAM = BFHF2F2UCF;
				FRAMEWORK_SEARCH_PATHS = (
					"$(SRCROOT)/**",
					"$(inherited)",
					"$(PROJECT_DIR)",
				);
				INFOPLIST_FILE = WebViewTester/Info.plist;
				IPHONEOS_DEPLOYMENT_TARGET = 11.0;
				LD_RUNPATH_SEARCH_PATHS = (
					"$(inherited)",
					"@executable_path/Frameworks",
				);
				LIBRARY_SEARCH_PATHS = "$(SRCROOT)/**";
				MARKETING_VERSION = 0.8.9;
				ONLY_ACTIVE_ARCH = NO;
				OTHER_LDFLAGS = (
					"$(inherited)",
					"-framework",
					"\"Accelerate\"",
					"-framework",
					"\"DynamicBlurView\"",
					"-framework",
					"\"PopupDialog\"",
					"-framework",
					"\"UIKit\"",
					"-framework",
					"\"SCGateway\"",
				);
				PRODUCT_BUNDLE_IDENTIFIER = com.smallcase.smartInvesting;
				PRODUCT_NAME = "Smart Investing";
				SWIFT_VERSION = 5.0;
				TARGETED_DEVICE_FAMILY = 1;
				VALIDATE_WORKSPACE = YES;
			};
			name = Release;
		};
		36F7D46D22A9485D003B357A /* Debug */ = {
			isa = XCBuildConfiguration;
			baseConfigurationReference = 0D39E506F3303C49D995DA04 /* Pods-WebViewTesterTests.debug.xcconfig */;
			buildSettings = {
				ALWAYS_EMBED_SWIFT_STANDARD_LIBRARIES = YES;
				BUNDLE_LOADER = "$(TEST_HOST)";
				CODE_SIGN_STYLE = Automatic;
				DEVELOPMENT_TEAM = BFHF2F2UCF;
				INFOPLIST_FILE = WebViewTesterTests/Info.plist;
				LD_RUNPATH_SEARCH_PATHS = (
					"$(inherited)",
					"@executable_path/Frameworks",
					"@loader_path/Frameworks",
				);
				PRODUCT_BUNDLE_IDENTIFIER = com.tickertape.WebViewTesterTests;
				PRODUCT_NAME = "$(TARGET_NAME)";
				SWIFT_VERSION = 5.0;
				TARGETED_DEVICE_FAMILY = "1,2";
				TEST_HOST = "$(BUILT_PRODUCTS_DIR)/WebViewTester.app/WebViewTester";
			};
			name = Debug;
		};
		36F7D46E22A9485D003B357A /* Release */ = {
			isa = XCBuildConfiguration;
			baseConfigurationReference = 6CEEA5361ECFF807D24F2B30 /* Pods-WebViewTesterTests.release.xcconfig */;
			buildSettings = {
				ALWAYS_EMBED_SWIFT_STANDARD_LIBRARIES = YES;
				BUNDLE_LOADER = "$(TEST_HOST)";
				CODE_SIGN_STYLE = Automatic;
				DEVELOPMENT_TEAM = BFHF2F2UCF;
				INFOPLIST_FILE = WebViewTesterTests/Info.plist;
				LD_RUNPATH_SEARCH_PATHS = (
					"$(inherited)",
					"@executable_path/Frameworks",
					"@loader_path/Frameworks",
				);
				PRODUCT_BUNDLE_IDENTIFIER = com.tickertape.WebViewTesterTests;
				PRODUCT_NAME = "$(TARGET_NAME)";
				SWIFT_VERSION = 5.0;
				TARGETED_DEVICE_FAMILY = "1,2";
				TEST_HOST = "$(BUILT_PRODUCTS_DIR)/WebViewTester.app/WebViewTester";
			};
			name = Release;
		};
		36F7D47022A9485D003B357A /* Debug */ = {
			isa = XCBuildConfiguration;
			baseConfigurationReference = 224A8A9587172BD96A0882B3 /* Pods-WebViewTesterUITests.debug.xcconfig */;
			buildSettings = {
				ALWAYS_EMBED_SWIFT_STANDARD_LIBRARIES = YES;
				CODE_SIGN_STYLE = Automatic;
				DEVELOPMENT_TEAM = BFHF2F2UCF;
				INFOPLIST_FILE = WebViewTesterUITests/Info.plist;
				LD_RUNPATH_SEARCH_PATHS = (
					"$(inherited)",
					"@executable_path/Frameworks",
					"@loader_path/Frameworks",
				);
				PRODUCT_BUNDLE_IDENTIFIER = com.tickertape.WebViewTesterUITests;
				PRODUCT_NAME = "$(TARGET_NAME)";
				SWIFT_VERSION = 5.0;
				TARGETED_DEVICE_FAMILY = "1,2";
				TEST_TARGET_NAME = WebViewTester;
			};
			name = Debug;
		};
		36F7D47122A9485D003B357A /* Release */ = {
			isa = XCBuildConfiguration;
			baseConfigurationReference = 3722F156C9C90D161DF4062C /* Pods-WebViewTesterUITests.release.xcconfig */;
			buildSettings = {
				ALWAYS_EMBED_SWIFT_STANDARD_LIBRARIES = YES;
				CODE_SIGN_STYLE = Automatic;
				DEVELOPMENT_TEAM = BFHF2F2UCF;
				INFOPLIST_FILE = WebViewTesterUITests/Info.plist;
				LD_RUNPATH_SEARCH_PATHS = (
					"$(inherited)",
					"@executable_path/Frameworks",
					"@loader_path/Frameworks",
				);
				PRODUCT_BUNDLE_IDENTIFIER = com.tickertape.WebViewTesterUITests;
				PRODUCT_NAME = "$(TARGET_NAME)";
				SWIFT_VERSION = 5.0;
				TARGETED_DEVICE_FAMILY = "1,2";
				TEST_TARGET_NAME = WebViewTester;
			};
			name = Release;
		};
/* End XCBuildConfiguration section */

/* Begin XCConfigurationList section */
		36F7D43C22A9485A003B357A /* Build configuration list for PBXProject "WebViewTester" */ = {
			isa = XCConfigurationList;
			buildConfigurations = (
				36F7D46722A9485D003B357A /* Debug */,
				36F7D46822A9485D003B357A /* Release */,
			);
			defaultConfigurationIsVisible = 0;
			defaultConfigurationName = Release;
		};
		36F7D46922A9485D003B357A /* Build configuration list for PBXNativeTarget "WebViewTester" */ = {
			isa = XCConfigurationList;
			buildConfigurations = (
				36F7D46A22A9485D003B357A /* Debug */,
				36F7D46B22A9485D003B357A /* Release */,
			);
			defaultConfigurationIsVisible = 0;
			defaultConfigurationName = Release;
		};
		36F7D46C22A9485D003B357A /* Build configuration list for PBXNativeTarget "WebViewTesterTests" */ = {
			isa = XCConfigurationList;
			buildConfigurations = (
				36F7D46D22A9485D003B357A /* Debug */,
				36F7D46E22A9485D003B357A /* Release */,
			);
			defaultConfigurationIsVisible = 0;
			defaultConfigurationName = Release;
		};
		36F7D46F22A9485D003B357A /* Build configuration list for PBXNativeTarget "WebViewTesterUITests" */ = {
			isa = XCConfigurationList;
			buildConfigurations = (
				36F7D47022A9485D003B357A /* Debug */,
				36F7D47122A9485D003B357A /* Release */,
			);
			defaultConfigurationIsVisible = 0;
			defaultConfigurationName = Release;
		};
/* End XCConfigurationList section */
	};
	rootObject = 36F7D43922A9485A003B357A /* Project object */;
}
