PODS:
  - Mixpanel-swift (4.2.7):
    - Mixpanel-swift/Complete (= 4.2.7)
  - Mixpanel-swift/Complete (4.2.7)

DEPENDENCIES:
  - Mixpanel-swift (~> 4.2.7)

SPEC REPOS:
  trunk:
    - Mixpanel-swift

SPEC CHECKSUMS:
  Mixpanel-swift: 7f5b749dbda2708033d67ff3d7a91710468d4a38

PODFILE CHECKSUM: 7e1b28afcaf02feb6f58fb138ff0a3e860724ad5

COCOAPODS: 1.15.2
