PODS:
  - Mixpanel-swift (3.3.0):
    - Mixpanel-swift/Complete (= 3.3.0)
  - Mixpanel-swift/Complete (3.3.0)

DEPENDENCIES:
  - Mixpanel-swift (~> 3.3.0)

SPEC REPOS:
  trunk:
    - Mixpanel-swift

SPEC CHECKSUMS:
  Mixpanel-swift: 6ffe368bcfc3b538f540f31372bc798afd90c1ad

PODFILE CHECKSUM: 68b7780f76a993dcc940acdcd7e08356395b286d

COCOAPODS: 1.13.0
